
Microsoft Visual Studio Solution File, Format Version 12.00
# Visual Studio Version 17
VisualStudioVersion = 17.5.002.0
MinimumVisualStudioVersion = 10.0.40219.1
Project("{9A19103F-16F7-4668-BE54-9A1E7A4F7556}") = "sistemaControleClientes", "sistemaControleClientes\sistemaControleClientes.csproj", "{C43E2EE6-B9A8-42F0-B5D1-E528D80C53BA}"
EndProject
Global
	GlobalSection(SolutionConfigurationPlatforms) = preSolution
		Debug|Any CPU = Debug|Any CPU
		Release|Any CPU = Release|Any CPU
	EndGlobalSection
	GlobalSection(ProjectConfigurationPlatforms) = postSolution
		{C43E2EE6-B9A8-42F0-B5D1-E528D80C53BA}.Debug|Any CPU.ActiveCfg = Debug|Any CPU
		{C43E2EE6-B9A8-42F0-B5D1-E528D80C53BA}.Debug|Any CPU.Build.0 = Debug|Any CPU
		{C43E2EE6-B9A8-42F0-B5D1-E528D80C53BA}.Release|Any CPU.ActiveCfg = Release|Any CPU
		{C43E2EE6-B9A8-42F0-B5D1-E528D80C53BA}.Release|Any CPU.Build.0 = Release|Any CPU
	EndGlobalSection
	GlobalSection(SolutionProperties) = preSolution
		HideSolutionNode = FALSE
	EndGlobalSection
	GlobalSection(ExtensibilityGlobals) = postSolution
		SolutionGuid = {2AB5C78C-FA19-4512-923E-A347F0AC3FEC}
	EndGlobalSection
EndGlobal
